
Microsoft Visual Studio Solution File, Format Version 12.00
# Visual Studio Version 17
VisualStudioVersion = 17.10.34928.147
MinimumVisualStudioVersion = 10.0.40219.1
Project("{FAE04EC0-301F-11D3-BF4B-00C04F79EFBC}") = "ITI", "ITI\ITI.csproj", "{8AF5E9A0-FF38-41F4-A5D9-0A14855A0BC0}"
EndProject
Global
	GlobalSection(SolutionConfigurationPlatforms) = preSolution
		Debug|Any CPU = Debug|Any CPU
		Release|Any CPU = Release|Any CPU
	EndGlobalSection
	GlobalSection(ProjectConfigurationPlatforms) = postSolution
		{8AF5E9A0-FF38-41F4-A5D9-0A14855A0BC0}.Debug|Any CPU.ActiveCfg = Debug|Any CPU
		{8AF5E9A0-FF38-41F4-A5D9-0A14855A0BC0}.Debug|Any CPU.Build.0 = Debug|Any CPU
		{8AF5E9A0-FF38-41F4-A5D9-0A14855A0BC0}.Release|Any CPU.ActiveCfg = Release|Any CPU
		{8AF5E9A0-FF38-41F4-A5D9-0A14855A0BC0}.Release|Any CPU.Build.0 = Release|Any CPU
	EndGlobalSection
	GlobalSection(SolutionProperties) = preSolution
		HideSolutionNode = FALSE
	EndGlobalSection
	GlobalSection(ExtensibilityGlobals) = postSolution
		SolutionGuid = {DFE4C726-5E2F-4E4D-B743-F62C639F52B5}
	EndGlobalSection
EndGlobal
